
Microsoft Visual Studio Solution File, Format Version 12.00
# Visual Studio Version 16
VisualStudioVersion = 16.0.30413.136
MinimumVisualStudioVersion = 10.0.40219.1
Project("{FAE04EC0-301F-11D3-BF4B-00C04F79EFBC}") = "BlazorApp", "BlazorApp\BlazorApp.csproj", "{023E3CCE-5760-456C-A626-45FCD443A27E}"
EndProject
Project("{FAE04EC0-301F-11D3-BF4B-00C04F79EFBC}") = "MongoDbCore", "MongoDbCore\MongoDbCore.csproj", "{DBC2E7F1-4769-415C-BD14-5E2D8AF42525}"
EndProject
Global
	GlobalSection(SolutionConfigurationPlatforms) = preSolution
		Debug|Any CPU = Debug|Any CPU
		Release|Any CPU = Release|Any CPU
	EndGlobalSection
	GlobalSection(ProjectConfigurationPlatforms) = postSolution
		{023E3CCE-5760-456C-A626-45FCD443A27E}.Debug|Any CPU.ActiveCfg = Debug|Any CPU
		{023E3CCE-5760-456C-A626-45FCD443A27E}.Debug|Any CPU.Build.0 = Debug|Any CPU
		{023E3CCE-5760-456C-A626-45FCD443A27E}.Release|Any CPU.ActiveCfg = Release|Any CPU
		{023E3CCE-5760-456C-A626-45FCD443A27E}.Release|Any CPU.Build.0 = Release|Any CPU
		{DBC2E7F1-4769-415C-BD14-5E2D8AF42525}.Debug|Any CPU.ActiveCfg = Debug|Any CPU
		{DBC2E7F1-4769-415C-BD14-5E2D8AF42525}.Debug|Any CPU.Build.0 = Debug|Any CPU
		{DBC2E7F1-4769-415C-BD14-5E2D8AF42525}.Release|Any CPU.ActiveCfg = Release|Any CPU
		{DBC2E7F1-4769-415C-BD14-5E2D8AF42525}.Release|Any CPU.Build.0 = Release|Any CPU
	EndGlobalSection
	GlobalSection(SolutionProperties) = preSolution
		HideSolutionNode = FALSE
	EndGlobalSection
	GlobalSection(ExtensibilityGlobals) = postSolution
		SolutionGuid = {D5EF4B39-0838-4126-AF07-D4AEB3029D95}
	EndGlobalSection
EndGlobal
